
Microsoft Visual Studio Solution File, Format Version 12.00
# Visual Studio Version 16
VisualStudioVersion = 16.0.31402.337
MinimumVisualStudioVersion = 10.0.40219.1
Project("{9A19103F-16F7-4668-BE54-9A1E7A4F7556}") = "ECommerceSystem.Api", "ECommerceSystem.Api\ECommerceSystem.Api.csproj", "{63AC5BB5-CBD7-4108-8064-285E0F119EDB}"
EndProject
Project("{9A19103F-16F7-4668-BE54-9A1E7A4F7556}") = "ECommerceSystem.DataParse", "ECommerceSystem.DataParse\ECommerceSystem.DataParse.csproj", "{F0EA6977-8DDE-4C5E-9E16-35B25D907AD0}"
EndProject
Project("{9A19103F-16F7-4668-BE54-9A1E7A4F7556}") = "ECommerceSystem.Web", "ECommerceSystem.Web\ECommerceSystem.Web.csproj", "{9C7CA4C4-F5A0-47D8-BCB1-E851510E3BCC}"
	ProjectSection(ProjectDependencies) = postProject
		{63AC5BB5-CBD7-4108-8064-285E0F119EDB} = {63AC5BB5-CBD7-4108-8064-285E0F119EDB}
	EndProjectSection
EndProject
Project("{9A19103F-16F7-4668-BE54-9A1E7A4F7556}") = "ECommerceSystem.ProductManaging", "ECommerceSystem.ProductManaging\ECommerceSystem.ProductManaging.csproj", "{A64A2810-8E35-4B44-B58B-0BA53F52A52D}"
EndProject
Project("{FAE04EC0-301F-11D3-BF4B-00C04F79EFBC}") = "ECommerceSystem.Membership", "ECommerceSystem.Membership\ECommerceSystem.Membership.csproj", "{8E4E1E15-6DCE-45DF-971B-48002E9A11F2}"
EndProject
Global
	GlobalSection(SolutionConfigurationPlatforms) = preSolution
		Debug|Any CPU = Debug|Any CPU
		Release|Any CPU = Release|Any CPU
	EndGlobalSection
	GlobalSection(ProjectConfigurationPlatforms) = postSolution
		{63AC5BB5-CBD7-4108-8064-285E0F119EDB}.Debug|Any CPU.ActiveCfg = Debug|Any CPU
		{63AC5BB5-CBD7-4108-8064-285E0F119EDB}.Debug|Any CPU.Build.0 = Debug|Any CPU
		{63AC5BB5-CBD7-4108-8064-285E0F119EDB}.Release|Any CPU.ActiveCfg = Release|Any CPU
		{63AC5BB5-CBD7-4108-8064-285E0F119EDB}.Release|Any CPU.Build.0 = Release|Any CPU
		{F0EA6977-8DDE-4C5E-9E16-35B25D907AD0}.Debug|Any CPU.ActiveCfg = Debug|Any CPU
		{F0EA6977-8DDE-4C5E-9E16-35B25D907AD0}.Debug|Any CPU.Build.0 = Debug|Any CPU
		{F0EA6977-8DDE-4C5E-9E16-35B25D907AD0}.Release|Any CPU.ActiveCfg = Release|Any CPU
		{F0EA6977-8DDE-4C5E-9E16-35B25D907AD0}.Release|Any CPU.Build.0 = Release|Any CPU
		{9C7CA4C4-F5A0-47D8-BCB1-E851510E3BCC}.Debug|Any CPU.ActiveCfg = Debug|Any CPU
		{9C7CA4C4-F5A0-47D8-BCB1-E851510E3BCC}.Debug|Any CPU.Build.0 = Debug|Any CPU
		{9C7CA4C4-F5A0-47D8-BCB1-E851510E3BCC}.Release|Any CPU.ActiveCfg = Release|Any CPU
		{9C7CA4C4-F5A0-47D8-BCB1-E851510E3BCC}.Release|Any CPU.Build.0 = Release|Any CPU
		{A64A2810-8E35-4B44-B58B-0BA53F52A52D}.Debug|Any CPU.ActiveCfg = Debug|Any CPU
		{A64A2810-8E35-4B44-B58B-0BA53F52A52D}.Debug|Any CPU.Build.0 = Debug|Any CPU
		{A64A2810-8E35-4B44-B58B-0BA53F52A52D}.Release|Any CPU.ActiveCfg = Release|Any CPU
		{A64A2810-8E35-4B44-B58B-0BA53F52A52D}.Release|Any CPU.Build.0 = Release|Any CPU
		{8E4E1E15-6DCE-45DF-971B-48002E9A11F2}.Debug|Any CPU.ActiveCfg = Debug|Any CPU
		{8E4E1E15-6DCE-45DF-971B-48002E9A11F2}.Debug|Any CPU.Build.0 = Debug|Any CPU
		{8E4E1E15-6DCE-45DF-971B-48002E9A11F2}.Release|Any CPU.ActiveCfg = Release|Any CPU
		{8E4E1E15-6DCE-45DF-971B-48002E9A11F2}.Release|Any CPU.Build.0 = Release|Any CPU
	EndGlobalSection
	GlobalSection(SolutionProperties) = preSolution
		HideSolutionNode = FALSE
	EndGlobalSection
	GlobalSection(ExtensibilityGlobals) = postSolution
		SolutionGuid = {3215121B-5065-4C3D-B9BF-9E8C9057EFAC}
	EndGlobalSection
EndGlobal
